
Microsoft Visual Studio Solution File, Format Version 11.00
# Visual Studio 2010
Project("{FAE04EC0-301F-11D3-BF4B-00C04F79EFBC}") = "FrontEnd", "FrontEnd\FrontEnd.csproj", "{E00A9131-3EE2-4088-AE90-019D93F494D8}"
EndProject
Project("{FAE04EC0-301F-11D3-BF4B-00C04F79EFBC}") = "PasswordGeneration", "PasswordGeneration\PasswordGeneration.csproj", "{DBDFF231-7608-4518-BB8C-317F4E3B530A}"
EndProject
Project("{FAE04EC0-301F-11D3-BF4B-00C04F79EFBC}") = "PasswordStrengthAdvisor", "PasswordStrengthAdvisor\PasswordStrengthAdvisor.csproj", "{3E03FE0D-0B1F-4F74-B6E7-313D43A664D4}"
EndProject
Project("{2150E333-8FDC-42A3-9474-1A3956D46DE8}") = "Tests", "Tests", "{6E51B687-86F5-4EDB-8AEC-4FBBBE46F907}"
EndProject
Project("{FAE04EC0-301F-11D3-BF4B-00C04F79EFBC}") = "PasswordStrengthAdvisor.Tests", "Tests\PasswordStrengthAdvisor.Tests\PasswordStrengthAdvisor.Tests.csproj", "{77D88C36-FA67-48D0-BE7B-9AC70BB4C796}"
EndProject
Project("{FAE04EC0-301F-11D3-BF4B-00C04F79EFBC}") = "PasswordGenerator.Tests", "Tests\PasswordGenerator.Tests\PasswordGenerator.Tests.csproj", "{AABC86BC-18E8-4F80-B311-19AF1C67D687}"
EndProject
Global
	GlobalSection(SolutionConfigurationPlatforms) = preSolution
		Debug|Any CPU = Debug|Any CPU
		Debug|Mixed Platforms = Debug|Mixed Platforms
		Debug|x86 = Debug|x86
		Release|Any CPU = Release|Any CPU
		Release|Mixed Platforms = Release|Mixed Platforms
		Release|x86 = Release|x86
	EndGlobalSection
	GlobalSection(ProjectConfigurationPlatforms) = postSolution
		{E00A9131-3EE2-4088-AE90-019D93F494D8}.Debug|Any CPU.ActiveCfg = Debug|x86
		{E00A9131-3EE2-4088-AE90-019D93F494D8}.Debug|Mixed Platforms.ActiveCfg = Debug|x86
		{E00A9131-3EE2-4088-AE90-019D93F494D8}.Debug|Mixed Platforms.Build.0 = Debug|x86
		{E00A9131-3EE2-4088-AE90-019D93F494D8}.Debug|x86.ActiveCfg = Debug|x86
		{E00A9131-3EE2-4088-AE90-019D93F494D8}.Debug|x86.Build.0 = Debug|x86
		{E00A9131-3EE2-4088-AE90-019D93F494D8}.Release|Any CPU.ActiveCfg = Release|x86
		{E00A9131-3EE2-4088-AE90-019D93F494D8}.Release|Mixed Platforms.ActiveCfg = Release|x86
		{E00A9131-3EE2-4088-AE90-019D93F494D8}.Release|Mixed Platforms.Build.0 = Release|x86
		{E00A9131-3EE2-4088-AE90-019D93F494D8}.Release|x86.ActiveCfg = Release|x86
		{E00A9131-3EE2-4088-AE90-019D93F494D8}.Release|x86.Build.0 = Release|x86
		{DBDFF231-7608-4518-BB8C-317F4E3B530A}.Debug|Any CPU.ActiveCfg = Debug|Any CPU
		{DBDFF231-7608-4518-BB8C-317F4E3B530A}.Debug|Any CPU.Build.0 = Debug|Any CPU
		{DBDFF231-7608-4518-BB8C-317F4E3B530A}.Debug|Mixed Platforms.ActiveCfg = Debug|Any CPU
		{DBDFF231-7608-4518-BB8C-317F4E3B530A}.Debug|Mixed Platforms.Build.0 = Debug|Any CPU
		{DBDFF231-7608-4518-BB8C-317F4E3B530A}.Debug|x86.ActiveCfg = Debug|Any CPU
		{DBDFF231-7608-4518-BB8C-317F4E3B530A}.Release|Any CPU.ActiveCfg = Release|Any CPU
		{DBDFF231-7608-4518-BB8C-317F4E3B530A}.Release|Any CPU.Build.0 = Release|Any CPU
		{DBDFF231-7608-4518-BB8C-317F4E3B530A}.Release|Mixed Platforms.ActiveCfg = Release|Any CPU
		{DBDFF231-7608-4518-BB8C-317F4E3B530A}.Release|Mixed Platforms.Build.0 = Release|Any CPU
		{DBDFF231-7608-4518-BB8C-317F4E3B530A}.Release|x86.ActiveCfg = Release|Any CPU
		{3E03FE0D-0B1F-4F74-B6E7-313D43A664D4}.Debug|Any CPU.ActiveCfg = Debug|Any CPU
		{3E03FE0D-0B1F-4F74-B6E7-313D43A664D4}.Debug|Any CPU.Build.0 = Debug|Any CPU
		{3E03FE0D-0B1F-4F74-B6E7-313D43A664D4}.Debug|Mixed Platforms.ActiveCfg = Debug|Any CPU
		{3E03FE0D-0B1F-4F74-B6E7-313D43A664D4}.Debug|Mixed Platforms.Build.0 = Debug|Any CPU
		{3E03FE0D-0B1F-4F74-B6E7-313D43A664D4}.Debug|x86.ActiveCfg = Debug|Any CPU
		{3E03FE0D-0B1F-4F74-B6E7-313D43A664D4}.Release|Any CPU.ActiveCfg = Release|Any CPU
		{3E03FE0D-0B1F-4F74-B6E7-313D43A664D4}.Release|Any CPU.Build.0 = Release|Any CPU
		{3E03FE0D-0B1F-4F74-B6E7-313D43A664D4}.Release|Mixed Platforms.ActiveCfg = Release|Any CPU
		{3E03FE0D-0B1F-4F74-B6E7-313D43A664D4}.Release|Mixed Platforms.Build.0 = Release|Any CPU
		{3E03FE0D-0B1F-4F74-B6E7-313D43A664D4}.Release|x86.ActiveCfg = Release|Any CPU
		{77D88C36-FA67-48D0-BE7B-9AC70BB4C796}.Debug|Any CPU.ActiveCfg = Debug|Any CPU
		{77D88C36-FA67-48D0-BE7B-9AC70BB4C796}.Debug|Any CPU.Build.0 = Debug|Any CPU
		{77D88C36-FA67-48D0-BE7B-9AC70BB4C796}.Debug|Mixed Platforms.ActiveCfg = Debug|Any CPU
		{77D88C36-FA67-48D0-BE7B-9AC70BB4C796}.Debug|Mixed Platforms.Build.0 = Debug|Any CPU
		{77D88C36-FA67-48D0-BE7B-9AC70BB4C796}.Debug|x86.ActiveCfg = Debug|Any CPU
		{77D88C36-FA67-48D0-BE7B-9AC70BB4C796}.Release|Any CPU.ActiveCfg = Release|Any CPU
		{77D88C36-FA67-48D0-BE7B-9AC70BB4C796}.Release|Any CPU.Build.0 = Release|Any CPU
		{77D88C36-FA67-48D0-BE7B-9AC70BB4C796}.Release|Mixed Platforms.ActiveCfg = Release|Any CPU
		{77D88C36-FA67-48D0-BE7B-9AC70BB4C796}.Release|Mixed Platforms.Build.0 = Release|Any CPU
		{77D88C36-FA67-48D0-BE7B-9AC70BB4C796}.Release|x86.ActiveCfg = Release|Any CPU
		{AABC86BC-18E8-4F80-B311-19AF1C67D687}.Debug|Any CPU.ActiveCfg = Debug|Any CPU
		{AABC86BC-18E8-4F80-B311-19AF1C67D687}.Debug|Any CPU.Build.0 = Debug|Any CPU
		{AABC86BC-18E8-4F80-B311-19AF1C67D687}.Debug|Mixed Platforms.ActiveCfg = Debug|Any CPU
		{AABC86BC-18E8-4F80-B311-19AF1C67D687}.Debug|Mixed Platforms.Build.0 = Debug|Any CPU
		{AABC86BC-18E8-4F80-B311-19AF1C67D687}.Debug|x86.ActiveCfg = Debug|Any CPU
		{AABC86BC-18E8-4F80-B311-19AF1C67D687}.Release|Any CPU.ActiveCfg = Release|Any CPU
		{AABC86BC-18E8-4F80-B311-19AF1C67D687}.Release|Any CPU.Build.0 = Release|Any CPU
		{AABC86BC-18E8-4F80-B311-19AF1C67D687}.Release|Mixed Platforms.ActiveCfg = Release|Any CPU
		{AABC86BC-18E8-4F80-B311-19AF1C67D687}.Release|Mixed Platforms.Build.0 = Release|Any CPU
		{AABC86BC-18E8-4F80-B311-19AF1C67D687}.Release|x86.ActiveCfg = Release|Any CPU
	EndGlobalSection
	GlobalSection(SolutionProperties) = preSolution
		HideSolutionNode = FALSE
	EndGlobalSection
	GlobalSection(NestedProjects) = preSolution
		{77D88C36-FA67-48D0-BE7B-9AC70BB4C796} = {6E51B687-86F5-4EDB-8AEC-4FBBBE46F907}
		{AABC86BC-18E8-4F80-B311-19AF1C67D687} = {6E51B687-86F5-4EDB-8AEC-4FBBBE46F907}
	EndGlobalSection
EndGlobal
